// !$*UTF8*$!
{
	archiveVersion = 1;
	classes = {
	};
	objectVersion = 51;
	objects = {

/* Begin PBXBuildFile section */
		AD042DAA24819ACD00CB2310 /* LevelCell.swift in Sources */ = {isa = PBXBuildFile; fileRef = AD042DA924819ACD00CB2310 /* LevelCell.swift */; };
		AD08F56224732A0300863204 /* StaffBar.swift in Sources */ = {isa = PBXBuildFile; fileRef = AD08F56124732A0300863204 /* StaffBar.swift */; };
		AD08F5682473371A00863204 /* FreestyleScene.swift in Sources */ = {isa = PBXBuildFile; fileRef = AD08F5672473371A00863204 /* FreestyleScene.swift */; };
		AD08F56A2473397900863204 /* LevelTemplate.swift in Sources */ = {isa = PBXBuildFile; fileRef = AD08F5692473397900863204 /* LevelTemplate.swift */; };
		AD08F56C24734F5200863204 /* LevelTemplate.sks in Resources */ = {isa = PBXBuildFile; fileRef = AD08F56B24734F5200863204 /* LevelTemplate.sks */; };
		AD0D2D4924ADB59E0098E744 /* SignInVC.swift in Sources */ = {isa = PBXBuildFile; fileRef = AD0D2D4824ADB59E0098E744 /* SignInVC.swift */; };
		AD21FDF724A976830068A729 /* basics1tutorial in Resources */ = {isa = PBXBuildFile; fileRef = AD21FDF624A976830068A729 /* basics1tutorial */; };
		AD21FDF924A98A030068A729 /* TutorialPopupVC.swift in Sources */ = {isa = PBXBuildFile; fileRef = AD21FDF824A98A030068A729 /* TutorialPopupVC.swift */; };
		AD242BAA24E3A6F800CAD3A0 /* Conductor.swift in Sources */ = {isa = PBXBuildFile; fileRef = AD242BA924E3A6F800CAD3A0 /* Conductor.swift */; };
		AD3826C3245D0F610027849D /* AppDelegate.swift in Sources */ = {isa = PBXBuildFile; fileRef = AD3826C2245D0F610027849D /* AppDelegate.swift */; };
		AD3826CB245D0F610027849D /* GameViewController.swift in Sources */ = {isa = PBXBuildFile; fileRef = AD3826CA245D0F610027849D /* GameViewController.swift */; };
		AD3826CE245D0F610027849D /* Main.storyboard in Resources */ = {isa = PBXBuildFile; fileRef = AD3826CC245D0F610027849D /* Main.storyboard */; };
		AD3826D0245D0F630027849D /* Assets.xcassets in Resources */ = {isa = PBXBuildFile; fileRef = AD3826CF245D0F630027849D /* Assets.xcassets */; };
		AD3826D3245D0F630027849D /* LaunchScreen.storyboard in Resources */ = {isa = PBXBuildFile; fileRef = AD3826D1245D0F630027849D /* LaunchScreen.storyboard */; };
		AD3826E2245D104E0027849D /* GameCamera.swift in Sources */ = {isa = PBXBuildFile; fileRef = AD3826E1245D104E0027849D /* GameCamera.swift */; };
		AD3826E4245D106A0027849D /* Note.swift in Sources */ = {isa = PBXBuildFile; fileRef = AD3826E3245D106A0027849D /* Note.swift */; };
		AD3826E6245D10930027849D /* Button.swift in Sources */ = {isa = PBXBuildFile; fileRef = AD3826E5245D10930027849D /* Button.swift */; };
		AD3826E8245D10C40027849D /* measureBarTileSet.sks in Resources */ = {isa = PBXBuildFile; fileRef = AD3826E7245D10C40027849D /* measureBarTileSet.sks */; };
		AD3826EA245D11920027849D /* Configuration.swift in Sources */ = {isa = PBXBuildFile; fileRef = AD3826E9245D11920027849D /* Configuration.swift */; };
		AD3826ED245D20700027849D /* AudioKit.framework in Frameworks */ = {isa = PBXBuildFile; fileRef = AD3826EC245D20700027849D /* AudioKit.framework */; };
		AD3826EE245D20700027849D /* AudioKit.framework in Embed Frameworks */ = {isa = PBXBuildFile; fileRef = AD3826EC245D20700027849D /* AudioKit.framework */; settings = {ATTRIBUTES = (CodeSignOnCopy, RemoveHeadersOnCopy, ); }; };
		AD3826F1245D20DC0027849D /* Default-568h@2x.png in Resources */ = {isa = PBXBuildFile; fileRef = AD3826F0245D20DC0027849D /* Default-568h@2x.png */; };
		AD3826F3245D22530027849D /* kitten-meow.wav in Resources */ = {isa = PBXBuildFile; fileRef = AD3826F2245D22530027849D /* kitten-meow.wav */; };
		AD700CD224AB08E000881EBE /* buttonLocations in Resources */ = {isa = PBXBuildFile; fileRef = AD700CD124AB08E000881EBE /* buttonLocations */; };
		AD7EF23724B12CB7009875CA /* AccountDetailsPopupVC.swift in Sources */ = {isa = PBXBuildFile; fileRef = AD7EF23624B12CB7009875CA /* AccountDetailsPopupVC.swift */; };
		AD7EF23924B165C9009875CA /* Gaegu-Bold.ttf in Resources */ = {isa = PBXBuildFile; fileRef = AD7EF23824B165C9009875CA /* Gaegu-Bold.ttf */; };
		AD92D0FE247F0BC500F8F807 /* SignInEmailVC.swift in Sources */ = {isa = PBXBuildFile; fileRef = AD92D0FD247F0BC500F8F807 /* SignInEmailVC.swift */; };
		AD92D100247F0BD700F8F807 /* CreateAccVC.swift in Sources */ = {isa = PBXBuildFile; fileRef = AD92D0FF247F0BD700F8F807 /* CreateAccVC.swift */; };
		AD9395AE247478250037E307 /* LevelSetup.swift in Sources */ = {isa = PBXBuildFile; fileRef = AD9395AD247478250037E307 /* LevelSetup.swift */; };
		AD9395B024747CD10037E307 /* Main.storyboard in Resources */ = {isa = PBXBuildFile; fileRef = AD9395AF24747CD10037E307 /* Main.storyboard */; };
		AD9395B224747D3F0037E307 /* LevelSelect.swift in Sources */ = {isa = PBXBuildFile; fileRef = AD9395B124747D3F0037E307 /* LevelSelect.swift */; };
		AD94032224B05D700021F07D /* ConfirmNavPopupVC.swift in Sources */ = {isa = PBXBuildFile; fileRef = AD94032124B05D700021F07D /* ConfirmNavPopupVC.swift */; };
		AD954D97249CAC5E00EBDACD /* NoteSelectPopupVC.swift in Sources */ = {isa = PBXBuildFile; fileRef = AD954D96249CAC5E00EBDACD /* NoteSelectPopupVC.swift */; };
		AD954D99249CACAD00EBDACD /* NoteSelectCell.swift in Sources */ = {isa = PBXBuildFile; fileRef = AD954D98249CACAD00EBDACD /* NoteSelectCell.swift */; };
		AD9DF62724A6653D00187636 /* ShadowsIntoLight-Regular.ttf in Resources */ = {isa = PBXBuildFile; fileRef = AD9DF62624A6653D00187636 /* ShadowsIntoLight-Regular.ttf */; };
		ADB0FF6324B6A66C002E1023 /* LevelCompletePopupVC.swift in Sources */ = {isa = PBXBuildFile; fileRef = ADB0FF6224B6A66C002E1023 /* LevelCompletePopupVC.swift */; };
		ADBE499A24BA8F54002D5B49 /* ShareCompVC.swift in Sources */ = {isa = PBXBuildFile; fileRef = ADBE499924BA8F53002D5B49 /* ShareCompVC.swift */; };
		ADBE499E24BBE289002D5B49 /* coltrane1 in Resources */ = {isa = PBXBuildFile; fileRef = ADBE499D24BBE289002D5B49 /* coltrane1 */; };
		ADBE49A024BBEBF5002D5B49 /* Constants.swift in Sources */ = {isa = PBXBuildFile; fileRef = ADBE499F24BBEBF5002D5B49 /* Constants.swift */; };
		ADBE49A224BC13D7002D5B49 /* LoadingVC.swift in Sources */ = {isa = PBXBuildFile; fileRef = ADBE49A124BC13D7002D5B49 /* LoadingVC.swift */; };
		ADC59C9D248824D6007D99A9 /* GameUser.swift in Sources */ = {isa = PBXBuildFile; fileRef = ADC59C9C248824D6007D99A9 /* GameUser.swift */; };
		ADCAE9E624A42FCD000A9FC7 /* SnapToCenter.swift in Sources */ = {isa = PBXBuildFile; fileRef = ADCAE9E524A42FCD000A9FC7 /* SnapToCenter.swift */; };
		ADCAE9E824A430C1000A9FC7 /* LevelGroupCell.swift in Sources */ = {isa = PBXBuildFile; fileRef = ADCAE9E724A430C1000A9FC7 /* LevelGroupCell.swift */; };
		ADCAFD9F249DCBE400428C70 /* MusicScene.swift in Sources */ = {isa = PBXBuildFile; fileRef = ADCAFD9E249DCBE400428C70 /* MusicScene.swift */; };
		ADCAFDA1249E05D800428C70 /* basics1.mp3 in Resources */ = {isa = PBXBuildFile; fileRef = ADCAFDA0249E05D800428C70 /* basics1.mp3 */; };
		ADCAFDA5249E061600428C70 /* basics2.mp3 in Resources */ = {isa = PBXBuildFile; fileRef = ADCAFDA2249E061300428C70 /* basics2.mp3 */; };
		ADCAFDA6249E061600428C70 /* intermediate1.mp3 in Resources */ = {isa = PBXBuildFile; fileRef = ADCAFDA3249E061500428C70 /* intermediate1.mp3 */; };
		ADCAFDA7249E061600428C70 /* coltrane1.mp3 in Resources */ = {isa = PBXBuildFile; fileRef = ADCAFDA4249E061600428C70 /* coltrane1.mp3 */; };
		ADCAFDA9249E084900428C70 /* MusicSceneLayout.swift in Sources */ = {isa = PBXBuildFile; fileRef = ADCAFDA8249E084900428C70 /* MusicSceneLayout.swift */; };
		ADCAFDAB249E08CE00428C70 /* MusicSceneButtons.swift in Sources */ = {isa = PBXBuildFile; fileRef = ADCAFDAA249E08CE00428C70 /* MusicSceneButtons.swift */; };
		ADCAFDAD249E08DB00428C70 /* MusicSceneNotes.swift in Sources */ = {isa = PBXBuildFile; fileRef = ADCAFDAC249E08DB00428C70 /* MusicSceneNotes.swift */; };
		ADCAFDAF249E08E600428C70 /* MusicSceneSound.swift in Sources */ = {isa = PBXBuildFile; fileRef = ADCAFDAE249E08E600428C70 /* MusicSceneSound.swift */; };
		ADCAFDB1249E08F300428C70 /* MusicScenePhysics.swift in Sources */ = {isa = PBXBuildFile; fileRef = ADCAFDB0249E08F300428C70 /* MusicScenePhysics.swift */; };
		ADCC4F6724DBA78400140E7F /* Sounds.swift in Sources */ = {isa = PBXBuildFile; fileRef = ADCC4F6624DBA78400140E7F /* Sounds.swift */; };
		ADD5F2E324A66DDA004609F9 /* JazzText_Regular.ttf in Resources */ = {isa = PBXBuildFile; fileRef = ADD5F2E224A66DDA004609F9 /* JazzText_Regular.ttf */; };
		ADD5F2E524A66F1F004609F9 /* Gaegu-Regular.ttf in Resources */ = {isa = PBXBuildFile; fileRef = ADD5F2E424A66F1F004609F9 /* Gaegu-Regular.ttf */; };
		ADE7781B247B569100EF4A69 /* GoogleService-Info.plist in Resources */ = {isa = PBXBuildFile; fileRef = ADE7781A247B569100EF4A69 /* GoogleService-Info.plist */; };
		ADF47DD324E4751E00CFD4A7 /* saxophone1.mp3 in Resources */ = {isa = PBXBuildFile; fileRef = ADF47DD224E4751E00CFD4A7 /* saxophone1.mp3 */; };
		ADF47DDA24E47A5100CFD4A7 /* bass1.mp3 in Resources */ = {isa = PBXBuildFile; fileRef = ADF47DD524E47A5000CFD4A7 /* bass1.mp3 */; };
		ADF47DDB24E47A5100CFD4A7 /* trumpet1.mp3 in Resources */ = {isa = PBXBuildFile; fileRef = ADF47DD624E47A5000CFD4A7 /* trumpet1.mp3 */; };
		ADF47DDC24E47A5100CFD4A7 /* drumhihat1.mp3 in Resources */ = {isa = PBXBuildFile; fileRef = ADF47DD724E47A5000CFD4A7 /* drumhihat1.mp3 */; };
		ADF47DDD24E47A5100CFD4A7 /* drumsnare1.mp3 in Resources */ = {isa = PBXBuildFile; fileRef = ADF47DD824E47A5100CFD4A7 /* drumsnare1.mp3 */; };
		ADF47DDF24E47B6500CFD4A7 /* trombone1.mp3 in Resources */ = {isa = PBXBuildFile; fileRef = ADF47DDE24E47B6500CFD4A7 /* trombone1.mp3 */; };
		ADFA240C247646DD008BC384 /* WelcomeScreen.swift in Sources */ = {isa = PBXBuildFile; fileRef = ADFA240B247646DD008BC384 /* WelcomeScreen.swift */; };
		ADFA243024779C04008BC384 /* FreestyleRecordingFails.swift in Sources */ = {isa = PBXBuildFile; fileRef = ADFA242F24779C03008BC384 /* FreestyleRecordingFails.swift */; };
		ADFAD4A1248312F600C3779C /* LevelGroupsVC.swift in Sources */ = {isa = PBXBuildFile; fileRef = ADFAD4A0248312F600C3779C /* LevelGroupsVC.swift */; };
		ADFC5CD02478312100225610 /* LevelLayout.swift in Sources */ = {isa = PBXBuildFile; fileRef = ADFC5CCF2478312100225610 /* LevelLayout.swift */; };
		ADFC5CD2247832EF00225610 /* LevelButtons.swift in Sources */ = {isa = PBXBuildFile; fileRef = ADFC5CD1247832EF00225610 /* LevelButtons.swift */; };
		ADFC5CD42478345100225610 /* LevelSound.swift in Sources */ = {isa = PBXBuildFile; fileRef = ADFC5CD32478345100225610 /* LevelSound.swift */; };
		ADFC5CD6247834CB00225610 /* LevelNotes.swift in Sources */ = {isa = PBXBuildFile; fileRef = ADFC5CD5247834CB00225610 /* LevelNotes.swift */; };
		ADFC5CD82478352700225610 /* LevelPhysics.swift in Sources */ = {isa = PBXBuildFile; fileRef = ADFC5CD72478352700225610 /* LevelPhysics.swift */; };
		ADFC5CDB24784F1A00225610 /* FreestyleLayout.swift in Sources */ = {isa = PBXBuildFile; fileRef = ADFC5CDA24784F1A00225610 /* FreestyleLayout.swift */; };
		ADFC5CDD247850DC00225610 /* FreestyleButtons.swift in Sources */ = {isa = PBXBuildFile; fileRef = ADFC5CDC247850DC00225610 /* FreestyleButtons.swift */; };
		ADFC5CDF247851E600225610 /* FreestyleNotes.swift in Sources */ = {isa = PBXBuildFile; fileRef = ADFC5CDE247851E600225610 /* FreestyleNotes.swift */; };
		ADFC5CE12478524000225610 /* FreestyleSound.swift in Sources */ = {isa = PBXBuildFile; fileRef = ADFC5CE02478524000225610 /* FreestyleSound.swift */; };
		ADFC5CE3247852BF00225610 /* FreestylePhysics.swift in Sources */ = {isa = PBXBuildFile; fileRef = ADFC5CE2247852BF00225610 /* FreestylePhysics.swift */; };
		ADFC5CEB2478847D00225610 /* SettingsPopupVC.swift in Sources */ = {isa = PBXBuildFile; fileRef = ADFC5CEA2478847D00225610 /* SettingsPopupVC.swift */; };
		ADFC5CED247893DE00225610 /* piano1.mp3 in Resources */ = {isa = PBXBuildFile; fileRef = ADFC5CEC247893DE00225610 /* piano1.mp3 */; };
		ADFC5CEF247893F800225610 /* cat_basic1.mp3 in Resources */ = {isa = PBXBuildFile; fileRef = ADFC5CEE247893F800225610 /* cat_basic1.mp3 */; };
		D7102F5BAC4B7E69ACB26ECA /* Pods_jazzCatsApp.framework in Frameworks */ = {isa = PBXBuildFile; fileRef = F83BFB05B4EF07F752EE5CF6 /* Pods_jazzCatsApp.framework */; };
/* End PBXBuildFile section */

/* Begin PBXCopyFilesBuildPhase section */
		AD3826EF245D20710027849D /* Embed Frameworks */ = {
			isa = PBXCopyFilesBuildPhase;
			buildActionMask = 2147483647;
			dstPath = "";
			dstSubfolderSpec = 10;
			files = (
				AD3826EE245D20700027849D /* AudioKit.framework in Embed Frameworks */,
			);
			name = "Embed Frameworks";
			runOnlyForDeploymentPostprocessing = 0;
		};
/* End PBXCopyFilesBuildPhase section */

/* Begin PBXFileReference section */
		AD042DA924819ACD00CB2310 /* LevelCell.swift */ = {isa = PBXFileReference; lastKnownFileType = sourcecode.swift; path = LevelCell.swift; sourceTree = "<group>"; };
		AD08F56124732A0300863204 /* StaffBar.swift */ = {isa = PBXFileReference; lastKnownFileType = sourcecode.swift; path = StaffBar.swift; sourceTree = "<group>"; };
		AD08F5672473371A00863204 /* FreestyleScene.swift */ = {isa = PBXFileReference; lastKnownFileType = sourcecode.swift; path = FreestyleScene.swift; sourceTree = "<group>"; };
		AD08F5692473397900863204 /* LevelTemplate.swift */ = {isa = PBXFileReference; lastKnownFileType = sourcecode.swift; path = LevelTemplate.swift; sourceTree = "<group>"; };
		AD08F56B24734F5200863204 /* LevelTemplate.sks */ = {isa = PBXFileReference; lastKnownFileType = file.sks; path = LevelTemplate.sks; sourceTree = "<group>"; };
		AD0D2D4824ADB59E0098E744 /* SignInVC.swift */ = {isa = PBXFileReference; lastKnownFileType = sourcecode.swift; path = SignInVC.swift; sourceTree = "<group>"; };
		AD21FDF624A976830068A729 /* basics1tutorial */ = {isa = PBXFileReference; lastKnownFileType = text; path = basics1tutorial; sourceTree = "<group>"; };
		AD21FDF824A98A030068A729 /* TutorialPopupVC.swift */ = {isa = PBXFileReference; lastKnownFileType = sourcecode.swift; path = TutorialPopupVC.swift; sourceTree = "<group>"; };
		AD242BA924E3A6F800CAD3A0 /* Conductor.swift */ = {isa = PBXFileReference; lastKnownFileType = sourcecode.swift; path = Conductor.swift; sourceTree = "<group>"; };
		AD3826BF245D0F610027849D /* jazzCatsApp.app */ = {isa = PBXFileReference; explicitFileType = wrapper.application; includeInIndex = 0; path = jazzCatsApp.app; sourceTree = BUILT_PRODUCTS_DIR; };
		AD3826C2245D0F610027849D /* AppDelegate.swift */ = {isa = PBXFileReference; lastKnownFileType = sourcecode.swift; path = AppDelegate.swift; sourceTree = "<group>"; };
		AD3826CA245D0F610027849D /* GameViewController.swift */ = {isa = PBXFileReference; lastKnownFileType = sourcecode.swift; path = GameViewController.swift; sourceTree = "<group>"; };
		AD3826CD245D0F610027849D /* Base */ = {isa = PBXFileReference; lastKnownFileType = file.storyboard; name = Base; path = Base.lproj/Main.storyboard; sourceTree = "<group>"; };
		AD3826CF245D0F630027849D /* Assets.xcassets */ = {isa = PBXFileReference; lastKnownFileType = folder.assetcatalog; path = Assets.xcassets; sourceTree = "<group>"; };
		AD3826D2245D0F630027849D /* Base */ = {isa = PBXFileReference; lastKnownFileType = file.storyboard; name = Base; path = Base.lproj/LaunchScreen.storyboard; sourceTree = "<group>"; };
		AD3826D4245D0F630027849D /* Info.plist */ = {isa = PBXFileReference; lastKnownFileType = text.plist.xml; path = Info.plist; sourceTree = "<group>"; };
		AD3826E1245D104E0027849D /* GameCamera.swift */ = {isa = PBXFileReference; lastKnownFileType = sourcecode.swift; path = GameCamera.swift; sourceTree = "<group>"; };
		AD3826E3245D106A0027849D /* Note.swift */ = {isa = PBXFileReference; lastKnownFileType = sourcecode.swift; path = Note.swift; sourceTree = "<group>"; };
		AD3826E5245D10930027849D /* Button.swift */ = {isa = PBXFileReference; lastKnownFileType = sourcecode.swift; path = Button.swift; sourceTree = "<group>"; };
		AD3826E7245D10C40027849D /* measureBarTileSet.sks */ = {isa = PBXFileReference; lastKnownFileType = file.sks; path = measureBarTileSet.sks; sourceTree = "<group>"; };
		AD3826E9245D11920027849D /* Configuration.swift */ = {isa = PBXFileReference; lastKnownFileType = sourcecode.swift; path = Configuration.swift; sourceTree = "<group>"; };
		AD3826EC245D20700027849D /* AudioKit.framework */ = {isa = PBXFileReference; lastKnownFileType = wrapper.framework; name = AudioKit.framework; path = "../../AudioKit-iOS/AudioKit.framework"; sourceTree = "<group>"; };
		AD3826F0245D20DC0027849D /* Default-568h@2x.png */ = {isa = PBXFileReference; lastKnownFileType = image.png; path = "Default-568h@2x.png"; sourceTree = "<group>"; };
		AD3826F2245D22530027849D /* kitten-meow.wav */ = {isa = PBXFileReference; lastKnownFileType = audio.wav; path = "kitten-meow.wav"; sourceTree = "<group>"; };
		AD700CD124AB08E000881EBE /* buttonLocations */ = {isa = PBXFileReference; lastKnownFileType = text; path = buttonLocations; sourceTree = "<group>"; };
		AD7EF23624B12CB7009875CA /* AccountDetailsPopupVC.swift */ = {isa = PBXFileReference; lastKnownFileType = sourcecode.swift; path = AccountDetailsPopupVC.swift; sourceTree = "<group>"; };
		AD7EF23824B165C9009875CA /* Gaegu-Bold.ttf */ = {isa = PBXFileReference; lastKnownFileType = file; path = "Gaegu-Bold.ttf"; sourceTree = "<group>"; };
		AD92D0FD247F0BC500F8F807 /* SignInEmailVC.swift */ = {isa = PBXFileReference; lastKnownFileType = sourcecode.swift; path = SignInEmailVC.swift; sourceTree = "<group>"; };
		AD92D0FF247F0BD700F8F807 /* CreateAccVC.swift */ = {isa = PBXFileReference; lastKnownFileType = sourcecode.swift; path = CreateAccVC.swift; sourceTree = "<group>"; };
		AD9395AD247478250037E307 /* LevelSetup.swift */ = {isa = PBXFileReference; lastKnownFileType = sourcecode.swift; path = LevelSetup.swift; sourceTree = "<group>"; };
		AD9395AF24747CD10037E307 /* Main.storyboard */ = {isa = PBXFileReference; lastKnownFileType = file.storyboard; path = Main.storyboard; sourceTree = "<group>"; };
		AD9395B124747D3F0037E307 /* LevelSelect.swift */ = {isa = PBXFileReference; lastKnownFileType = sourcecode.swift; path = LevelSelect.swift; sourceTree = "<group>"; };
		AD94032124B05D700021F07D /* ConfirmNavPopupVC.swift */ = {isa = PBXFileReference; lastKnownFileType = sourcecode.swift; path = ConfirmNavPopupVC.swift; sourceTree = "<group>"; };
		AD954D96249CAC5E00EBDACD /* NoteSelectPopupVC.swift */ = {isa = PBXFileReference; lastKnownFileType = sourcecode.swift; path = NoteSelectPopupVC.swift; sourceTree = "<group>"; };
		AD954D98249CACAD00EBDACD /* NoteSelectCell.swift */ = {isa = PBXFileReference; lastKnownFileType = sourcecode.swift; path = NoteSelectCell.swift; sourceTree = "<group>"; };
		AD9DF62624A6653D00187636 /* ShadowsIntoLight-Regular.ttf */ = {isa = PBXFileReference; lastKnownFileType = file; path = "ShadowsIntoLight-Regular.ttf"; sourceTree = "<group>"; };
		ADB0FF6224B6A66C002E1023 /* LevelCompletePopupVC.swift */ = {isa = PBXFileReference; lastKnownFileType = sourcecode.swift; path = LevelCompletePopupVC.swift; sourceTree = "<group>"; };
		ADBE499924BA8F53002D5B49 /* ShareCompVC.swift */ = {isa = PBXFileReference; lastKnownFileType = sourcecode.swift; path = ShareCompVC.swift; sourceTree = "<group>"; };
		ADBE499D24BBE289002D5B49 /* coltrane1 */ = {isa = PBXFileReference; lastKnownFileType = text; path = coltrane1; sourceTree = "<group>"; };
		ADBE499F24BBEBF5002D5B49 /* Constants.swift */ = {isa = PBXFileReference; lastKnownFileType = sourcecode.swift; path = Constants.swift; sourceTree = "<group>"; };
		ADBE49A124BC13D7002D5B49 /* LoadingVC.swift */ = {isa = PBXFileReference; lastKnownFileType = sourcecode.swift; path = LoadingVC.swift; sourceTree = "<group>"; };
		ADC59C9C248824D6007D99A9 /* GameUser.swift */ = {isa = PBXFileReference; lastKnownFileType = sourcecode.swift; path = GameUser.swift; sourceTree = "<group>"; };
		ADCAE9E524A42FCD000A9FC7 /* SnapToCenter.swift */ = {isa = PBXFileReference; lastKnownFileType = sourcecode.swift; path = SnapToCenter.swift; sourceTree = "<group>"; };
		ADCAE9E724A430C1000A9FC7 /* LevelGroupCell.swift */ = {isa = PBXFileReference; lastKnownFileType = sourcecode.swift; path = LevelGroupCell.swift; sourceTree = "<group>"; };
		ADCAFD9E249DCBE400428C70 /* MusicScene.swift */ = {isa = PBXFileReference; lastKnownFileType = sourcecode.swift; path = MusicScene.swift; sourceTree = "<group>"; };
		ADCAFDA0249E05D800428C70 /* basics1.mp3 */ = {isa = PBXFileReference; lastKnownFileType = audio.mp3; path = basics1.mp3; sourceTree = "<group>"; };
		ADCAFDA2249E061300428C70 /* basics2.mp3 */ = {isa = PBXFileReference; lastKnownFileType = audio.mp3; path = basics2.mp3; sourceTree = "<group>"; };
		ADCAFDA3249E061500428C70 /* intermediate1.mp3 */ = {isa = PBXFileReference; lastKnownFileType = audio.mp3; path = intermediate1.mp3; sourceTree = "<group>"; };
		ADCAFDA4249E061600428C70 /* coltrane1.mp3 */ = {isa = PBXFileReference; lastKnownFileType = audio.mp3; path = coltrane1.mp3; sourceTree = "<group>"; };
		ADCAFDA8249E084900428C70 /* MusicSceneLayout.swift */ = {isa = PBXFileReference; lastKnownFileType = sourcecode.swift; path = MusicSceneLayout.swift; sourceTree = "<group>"; };
		ADCAFDAA249E08CE00428C70 /* MusicSceneButtons.swift */ = {isa = PBXFileReference; lastKnownFileType = sourcecode.swift; path = MusicSceneButtons.swift; sourceTree = "<group>"; };
		ADCAFDAC249E08DB00428C70 /* MusicSceneNotes.swift */ = {isa = PBXFileReference; lastKnownFileType = sourcecode.swift; path = MusicSceneNotes.swift; sourceTree = "<group>"; };
		ADCAFDAE249E08E600428C70 /* MusicSceneSound.swift */ = {isa = PBXFileReference; lastKnownFileType = sourcecode.swift; path = MusicSceneSound.swift; sourceTree = "<group>"; };
		ADCAFDB0249E08F300428C70 /* MusicScenePhysics.swift */ = {isa = PBXFileReference; lastKnownFileType = sourcecode.swift; path = MusicScenePhysics.swift; sourceTree = "<group>"; };
		ADCC4F6624DBA78400140E7F /* Sounds.swift */ = {isa = PBXFileReference; lastKnownFileType = sourcecode.swift; path = Sounds.swift; sourceTree = "<group>"; };
		ADD5F2E224A66DDA004609F9 /* JazzText_Regular.ttf */ = {isa = PBXFileReference; lastKnownFileType = file; path = JazzText_Regular.ttf; sourceTree = "<group>"; };
		ADD5F2E424A66F1F004609F9 /* Gaegu-Regular.ttf */ = {isa = PBXFileReference; lastKnownFileType = file; path = "Gaegu-Regular.ttf"; sourceTree = "<group>"; };
		ADE7781A247B569100EF4A69 /* GoogleService-Info.plist */ = {isa = PBXFileReference; fileEncoding = 4; lastKnownFileType = text.plist.xml; path = "GoogleService-Info.plist"; sourceTree = "<group>"; };
		ADF47DD224E4751E00CFD4A7 /* saxophone1.mp3 */ = {isa = PBXFileReference; lastKnownFileType = audio.mp3; name = saxophone1.mp3; path = "../../../../../game-assets/audio/saxophone1.mp3"; sourceTree = "<group>"; };
		ADF47DD524E47A5000CFD4A7 /* bass1.mp3 */ = {isa = PBXFileReference; lastKnownFileType = audio.mp3; path = bass1.mp3; sourceTree = "<group>"; };
		ADF47DD624E47A5000CFD4A7 /* trumpet1.mp3 */ = {isa = PBXFileReference; lastKnownFileType = audio.mp3; path = trumpet1.mp3; sourceTree = "<group>"; };
		ADF47DD724E47A5000CFD4A7 /* drumhihat1.mp3 */ = {isa = PBXFileReference; lastKnownFileType = audio.mp3; path = drumhihat1.mp3; sourceTree = "<group>"; };
		ADF47DD824E47A5100CFD4A7 /* drumsnare1.mp3 */ = {isa = PBXFileReference; lastKnownFileType = audio.mp3; path = drumsnare1.mp3; sourceTree = "<group>"; };
		ADF47DDE24E47B6500CFD4A7 /* trombone1.mp3 */ = {isa = PBXFileReference; lastKnownFileType = audio.mp3; path = trombone1.mp3; sourceTree = "<group>"; };
		ADFA240B247646DD008BC384 /* WelcomeScreen.swift */ = {isa = PBXFileReference; lastKnownFileType = sourcecode.swift; path = WelcomeScreen.swift; sourceTree = "<group>"; };
		ADFA242F24779C03008BC384 /* FreestyleRecordingFails.swift */ = {isa = PBXFileReference; lastKnownFileType = sourcecode.swift; path = FreestyleRecordingFails.swift; sourceTree = "<group>"; };
		ADFAD4A0248312F600C3779C /* LevelGroupsVC.swift */ = {isa = PBXFileReference; lastKnownFileType = sourcecode.swift; path = LevelGroupsVC.swift; sourceTree = "<group>"; };
		ADFC5CCF2478312100225610 /* LevelLayout.swift */ = {isa = PBXFileReference; lastKnownFileType = sourcecode.swift; path = LevelLayout.swift; sourceTree = "<group>"; };
		ADFC5CD1247832EF00225610 /* LevelButtons.swift */ = {isa = PBXFileReference; lastKnownFileType = sourcecode.swift; path = LevelButtons.swift; sourceTree = "<group>"; };
		ADFC5CD32478345100225610 /* LevelSound.swift */ = {isa = PBXFileReference; lastKnownFileType = sourcecode.swift; path = LevelSound.swift; sourceTree = "<group>"; };
		ADFC5CD5247834CB00225610 /* LevelNotes.swift */ = {isa = PBXFileReference; lastKnownFileType = sourcecode.swift; path = LevelNotes.swift; sourceTree = "<group>"; };
		ADFC5CD72478352700225610 /* LevelPhysics.swift */ = {isa = PBXFileReference; lastKnownFileType = sourcecode.swift; path = LevelPhysics.swift; sourceTree = "<group>"; };
		ADFC5CDA24784F1A00225610 /* FreestyleLayout.swift */ = {isa = PBXFileReference; lastKnownFileType = sourcecode.swift; path = FreestyleLayout.swift; sourceTree = "<group>"; };
		ADFC5CDC247850DC00225610 /* FreestyleButtons.swift */ = {isa = PBXFileReference; lastKnownFileType = sourcecode.swift; path = FreestyleButtons.swift; sourceTree = "<group>"; };
		ADFC5CDE247851E600225610 /* FreestyleNotes.swift */ = {isa = PBXFileReference; lastKnownFileType = sourcecode.swift; path = FreestyleNotes.swift; sourceTree = "<group>"; };
		ADFC5CE02478524000225610 /* FreestyleSound.swift */ = {isa = PBXFileReference; lastKnownFileType = sourcecode.swift; path = FreestyleSound.swift; sourceTree = "<group>"; };
		ADFC5CE2247852BF00225610 /* FreestylePhysics.swift */ = {isa = PBXFileReference; lastKnownFileType = sourcecode.swift; path = FreestylePhysics.swift; sourceTree = "<group>"; };
		ADFC5CEA2478847D00225610 /* SettingsPopupVC.swift */ = {isa = PBXFileReference; lastKnownFileType = sourcecode.swift; path = SettingsPopupVC.swift; sourceTree = "<group>"; };
		ADFC5CEC247893DE00225610 /* piano1.mp3 */ = {isa = PBXFileReference; lastKnownFileType = audio.mp3; path = piano1.mp3; sourceTree = "<group>"; };
		ADFC5CEE247893F800225610 /* cat_basic1.mp3 */ = {isa = PBXFileReference; lastKnownFileType = audio.mp3; path = cat_basic1.mp3; sourceTree = "<group>"; };
		B4D4512561694B850C9F9BD4 /* Pods-jazzCatsApp.release.xcconfig */ = {isa = PBXFileReference; includeInIndex = 1; lastKnownFileType = text.xcconfig; name = "Pods-jazzCatsApp.release.xcconfig"; path = "Target Support Files/Pods-jazzCatsApp/Pods-jazzCatsApp.release.xcconfig"; sourceTree = "<group>"; };
		CED5AB26DDBF3FB455552657 /* Pods-jazzCatsApp.debug.xcconfig */ = {isa = PBXFileReference; includeInIndex = 1; lastKnownFileType = text.xcconfig; name = "Pods-jazzCatsApp.debug.xcconfig"; path = "Target Support Files/Pods-jazzCatsApp/Pods-jazzCatsApp.debug.xcconfig"; sourceTree = "<group>"; };
		F83BFB05B4EF07F752EE5CF6 /* Pods_jazzCatsApp.framework */ = {isa = PBXFileReference; explicitFileType = wrapper.framework; includeInIndex = 0; path = Pods_jazzCatsApp.framework; sourceTree = BUILT_PRODUCTS_DIR; };
/* End PBXFileReference section */

/* Begin PBXFrameworksBuildPhase section */
		AD3826BC245D0F610027849D /* Frameworks */ = {
			isa = PBXFrameworksBuildPhase;
			buildActionMask = 2147483647;
			files = (
				AD3826ED245D20700027849D /* AudioKit.framework in Frameworks */,
				D7102F5BAC4B7E69ACB26ECA /* Pods_jazzCatsApp.framework in Frameworks */,
			);
			runOnlyForDeploymentPostprocessing = 0;
		};
/* End PBXFrameworksBuildPhase section */

/* Begin PBXGroup section */
		67F3F04F77298D7A153213EC /* Pods */ = {
			isa = PBXGroup;
			children = (
				CED5AB26DDBF3FB455552657 /* Pods-jazzCatsApp.debug.xcconfig */,
				B4D4512561694B850C9F9BD4 /* Pods-jazzCatsApp.release.xcconfig */,
			);
			path = Pods;
			sourceTree = "<group>";
		};
		AD21FDF524A9765A0068A729 /* Docs */ = {
			isa = PBXGroup;
			children = (
				AD21FDF624A976830068A729 /* basics1tutorial */,
				AD700CD124AB08E000881EBE /* buttonLocations */,
				ADBE499D24BBE289002D5B49 /* coltrane1 */,
			);
			path = Docs;
			sourceTree = "<group>";
		};
		AD3826B6245D0F610027849D = {
			isa = PBXGroup;
			children = (
				AD3826F0245D20DC0027849D /* Default-568h@2x.png */,
				AD3826C1245D0F610027849D /* jazzCatsApp */,
				AD3826C0245D0F610027849D /* Products */,
				AD3826EB245D20700027849D /* Frameworks */,
				67F3F04F77298D7A153213EC /* Pods */,
			);
			sourceTree = "<group>";
		};
		AD3826C0245D0F610027849D /* Products */ = {
			isa = PBXGroup;
			children = (
				AD3826BF245D0F610027849D /* jazzCatsApp.app */,
			);
			name = Products;
			sourceTree = "<group>";
		};
		AD3826C1245D0F610027849D /* jazzCatsApp */ = {
			isa = PBXGroup;
			children = (
				ADE7781A247B569100EF4A69 /* GoogleService-Info.plist */,
				AD3826D4245D0F630027849D /* Info.plist */,
				AD3826DF245D0FF40027849D /* Template */,
				AD3826DE245D0FE70027849D /* Scene */,
				AD3826DD245D0FE10027849D /* ViewController */,
				AD3826DC245D0FD80027849D /* Tilesets */,
				AD3826DB245D0FCB0027849D /* CustomNodes */,
				AD3826DA245D0FC60027849D /* Sounds */,
				AD3826E0245D0FF90027849D /* Assets */,
				AD9DF62824A6655100187636 /* Fonts */,
				AD21FDF524A9765A0068A729 /* Docs */,
			);
			path = jazzCatsApp;
			sourceTree = "<group>";
		};
		AD3826DA245D0FC60027849D /* Sounds */ = {
			isa = PBXGroup;
			children = (
				ADCAFDA0249E05D800428C70 /* basics1.mp3 */,
				ADCAFDA2249E061300428C70 /* basics2.mp3 */,
				ADCAFDA4249E061600428C70 /* coltrane1.mp3 */,
				ADCAFDA3249E061500428C70 /* intermediate1.mp3 */,
				ADF47DD224E4751E00CFD4A7 /* saxophone1.mp3 */,
				ADF47DD524E47A5000CFD4A7 /* bass1.mp3 */,
				ADF47DD724E47A5000CFD4A7 /* drumhihat1.mp3 */,
				ADF47DD824E47A5100CFD4A7 /* drumsnare1.mp3 */,
				ADF47DDE24E47B6500CFD4A7 /* trombone1.mp3 */,
				ADF47DD624E47A5000CFD4A7 /* trumpet1.mp3 */,
				ADFC5CEE247893F800225610 /* cat_basic1.mp3 */,
				ADFC5CEC247893DE00225610 /* piano1.mp3 */,
				AD3826F2245D22530027849D /* kitten-meow.wav */,
			);
			path = Sounds;
			sourceTree = "<group>";
		};
		AD3826DB245D0FCB0027849D /* CustomNodes */ = {
			isa = PBXGroup;
			children = (
				AD3826E1245D104E0027849D /* GameCamera.swift */,
				AD3826E3245D106A0027849D /* Note.swift */,
				ADCC4F6624DBA78400140E7F /* Sounds.swift */,
				AD242BA924E3A6F800CAD3A0 /* Conductor.swift */,
				AD3826E5245D10930027849D /* Button.swift */,
				AD08F56124732A0300863204 /* StaffBar.swift */,
				AD9395AD247478250037E307 /* LevelSetup.swift */,
				ADC59C9C248824D6007D99A9 /* GameUser.swift */,
			);
			path = CustomNodes;
			sourceTree = "<group>";
		};
		AD3826DC245D0FD80027849D /* Tilesets */ = {
			isa = PBXGroup;
			children = (
				AD3826E7245D10C40027849D /* measureBarTileSet.sks */,
			);
			path = Tilesets;
			sourceTree = "<group>";
		};
		AD3826DD245D0FE10027849D /* ViewController */ = {
			isa = PBXGroup;
			children = (
				AD9395AF24747CD10037E307 /* Main.storyboard */,
				ADFA240B247646DD008BC384 /* WelcomeScreen.swift */,
				AD700CD524AC446300881EBE /* Levels */,
				AD3826CA245D0F610027849D /* GameViewController.swift */,
				AD700CD424AC442800881EBE /* PopupViews */,
				AD0D2D4824ADB59E0098E744 /* SignInVC.swift */,
				AD92D0FD247F0BC500F8F807 /* SignInEmailVC.swift */,
				AD92D0FF247F0BD700F8F807 /* CreateAccVC.swift */,
				ADBE49A124BC13D7002D5B49 /* LoadingVC.swift */,
			);
			path = ViewController;
			sourceTree = "<group>";
		};
		AD3826DE245D0FE70027849D /* Scene */ = {
			isa = PBXGroup;
			children = (
				ADCAFD9D249DCBCD00428C70 /* MusicScene */,
				ADFC5CD924784EF100225610 /* Freestyle */,
				ADFC5CCE247830D900225610 /* LevelTemplate */,
			);
			path = Scene;
			sourceTree = "<group>";
		};
		AD3826DF245D0FF40027849D /* Template */ = {
			isa = PBXGroup;
			children = (
				AD3826C2245D0F610027849D /* AppDelegate.swift */,
				AD3826E9245D11920027849D /* Configuration.swift */,
				ADBE499F24BBEBF5002D5B49 /* Constants.swift */,
			);
			path = Template;
			sourceTree = "<group>";
		};
		AD3826E0245D0FF90027849D /* Assets */ = {
			isa = PBXGroup;
			children = (
				AD3826CC245D0F610027849D /* Main.storyboard */,
				AD3826CF245D0F630027849D /* Assets.xcassets */,
				AD3826D1245D0F630027849D /* LaunchScreen.storyboard */,
			);
			path = Assets;
			sourceTree = "<group>";
		};
		AD3826EB245D20700027849D /* Frameworks */ = {
			isa = PBXGroup;
			children = (
				AD3826EC245D20700027849D /* AudioKit.framework */,
				F83BFB05B4EF07F752EE5CF6 /* Pods_jazzCatsApp.framework */,
			);
			name = Frameworks;
			sourceTree = "<group>";
		};
		AD700CD424AC442800881EBE /* PopupViews */ = {
			isa = PBXGroup;
			children = (
				AD7EF23624B12CB7009875CA /* AccountDetailsPopupVC.swift */,
				AD21FDF824A98A030068A729 /* TutorialPopupVC.swift */,
				AD954D96249CAC5E00EBDACD /* NoteSelectPopupVC.swift */,
				AD954D98249CACAD00EBDACD /* NoteSelectCell.swift */,
				ADFC5CEA2478847D00225610 /* SettingsPopupVC.swift */,
				AD94032124B05D700021F07D /* ConfirmNavPopupVC.swift */,
				ADB0FF6224B6A66C002E1023 /* LevelCompletePopupVC.swift */,
				ADBE499924BA8F53002D5B49 /* ShareCompVC.swift */,
			);
			name = PopupViews;
			sourceTree = "<group>";
		};
		AD700CD524AC446300881EBE /* Levels */ = {
			isa = PBXGroup;
			children = (
				ADFAD4A0248312F600C3779C /* LevelGroupsVC.swift */,
				ADCAE9E524A42FCD000A9FC7 /* SnapToCenter.swift */,
				ADCAE9E724A430C1000A9FC7 /* LevelGroupCell.swift */,
				AD9395B124747D3F0037E307 /* LevelSelect.swift */,
				AD042DA924819ACD00CB2310 /* LevelCell.swift */,
			);
			path = Levels;
			sourceTree = "<group>";
		};
		AD9DF62824A6655100187636 /* Fonts */ = {
			isa = PBXGroup;
			children = (
				AD9DF62624A6653D00187636 /* ShadowsIntoLight-Regular.ttf */,
				ADD5F2E224A66DDA004609F9 /* JazzText_Regular.ttf */,
				AD7EF23824B165C9009875CA /* Gaegu-Bold.ttf */,
				ADD5F2E424A66F1F004609F9 /* Gaegu-Regular.ttf */,
			);
			path = Fonts;
			sourceTree = "<group>";
		};
		ADCAFD9D249DCBCD00428C70 /* MusicScene */ = {
			isa = PBXGroup;
			children = (
				ADCAFD9E249DCBE400428C70 /* MusicScene.swift */,
				ADCAFDA8249E084900428C70 /* MusicSceneLayout.swift */,
				ADCAFDAA249E08CE00428C70 /* MusicSceneButtons.swift */,
				ADCAFDAC249E08DB00428C70 /* MusicSceneNotes.swift */,
				ADCAFDAE249E08E600428C70 /* MusicSceneSound.swift */,
				ADCAFDB0249E08F300428C70 /* MusicScenePhysics.swift */,
			);
			path = MusicScene;
			sourceTree = "<group>";
		};
		ADFC5CCE247830D900225610 /* LevelTemplate */ = {
			isa = PBXGroup;
			children = (
				AD08F5692473397900863204 /* LevelTemplate.swift */,
				ADFC5CCF2478312100225610 /* LevelLayout.swift */,
				ADFC5CD1247832EF00225610 /* LevelButtons.swift */,
				ADFC5CD5247834CB00225610 /* LevelNotes.swift */,
				ADFC5CD32478345100225610 /* LevelSound.swift */,
				ADFC5CD72478352700225610 /* LevelPhysics.swift */,
				AD08F56B24734F5200863204 /* LevelTemplate.sks */,
			);
			path = LevelTemplate;
			sourceTree = "<group>";
		};
		ADFC5CD924784EF100225610 /* Freestyle */ = {
			isa = PBXGroup;
			children = (
				AD08F5672473371A00863204 /* FreestyleScene.swift */,
				ADFC5CDA24784F1A00225610 /* FreestyleLayout.swift */,
				ADFC5CDC247850DC00225610 /* FreestyleButtons.swift */,
				ADFC5CDE247851E600225610 /* FreestyleNotes.swift */,
				ADFC5CE02478524000225610 /* FreestyleSound.swift */,
				ADFC5CE2247852BF00225610 /* FreestylePhysics.swift */,
				ADFA242F24779C03008BC384 /* FreestyleRecordingFails.swift */,
			);
			path = Freestyle;
			sourceTree = "<group>";
		};
/* End PBXGroup section */

/* Begin PBXNativeTarget section */
		AD3826BE245D0F610027849D /* jazzCatsApp */ = {
			isa = PBXNativeTarget;
			buildConfigurationList = AD3826D7245D0F630027849D /* Build configuration list for PBXNativeTarget "jazzCatsApp" */;
			buildPhases = (
				247397944AA46249C4DA9E15 /* [CP] Check Pods Manifest.lock */,
				AD3826BB245D0F610027849D /* Sources */,
				AD3826BC245D0F610027849D /* Frameworks */,
				AD3826BD245D0F610027849D /* Resources */,
				AD3826EF245D20710027849D /* Embed Frameworks */,
				C4A9266A7758926A767EED68 /* [CP] Embed Pods Frameworks */,
			);
			buildRules = (
			);
			dependencies = (
			);
			name = jazzCatsApp;
			productName = jazzCatsApp;
			productReference = AD3826BF245D0F610027849D /* jazzCatsApp.app */;
			productType = "com.apple.product-type.application";
		};
/* End PBXNativeTarget section */

/* Begin PBXProject section */
		AD3826B7245D0F610027849D /* Project object */ = {
			isa = PBXProject;
			attributes = {
				LastSwiftUpdateCheck = 1140;
				LastUpgradeCheck = 1140;
				ORGANIZATIONNAME = "Emily Xie";
				TargetAttributes = {
					AD3826BE245D0F610027849D = {
						CreatedOnToolsVersion = 11.4.1;
					};
				};
			};
			buildConfigurationList = AD3826BA245D0F610027849D /* Build configuration list for PBXProject "jazzCatsApp" */;
			compatibilityVersion = "Xcode 9.3";
			developmentRegion = en;
			hasScannedForEncodings = 0;
			knownRegions = (
				en,
				Base,
			);
			mainGroup = AD3826B6245D0F610027849D;
			productRefGroup = AD3826C0245D0F610027849D /* Products */;
			projectDirPath = "";
			projectRoot = "";
			targets = (
				AD3826BE245D0F610027849D /* jazzCatsApp */,
			);
		};
/* End PBXProject section */

/* Begin PBXResourcesBuildPhase section */
		AD3826BD245D0F610027849D /* Resources */ = {
			isa = PBXResourcesBuildPhase;
			buildActionMask = 2147483647;
			files = (
				ADCAFDA1249E05D800428C70 /* basics1.mp3 in Resources */,
				ADE7781B247B569100EF4A69 /* GoogleService-Info.plist in Resources */,
				AD3826F3245D22530027849D /* kitten-meow.wav in Resources */,
				AD3826E8245D10C40027849D /* measureBarTileSet.sks in Resources */,
				ADF47DDC24E47A5100CFD4A7 /* drumhihat1.mp3 in Resources */,
				AD9DF62724A6653D00187636 /* ShadowsIntoLight-Regular.ttf in Resources */,
				ADBE499E24BBE289002D5B49 /* coltrane1 in Resources */,
				ADF47DDA24E47A5100CFD4A7 /* bass1.mp3 in Resources */,
				AD700CD224AB08E000881EBE /* buttonLocations in Resources */,
				ADFC5CEF247893F800225610 /* cat_basic1.mp3 in Resources */,
				ADF47DD324E4751E00CFD4A7 /* saxophone1.mp3 in Resources */,
				AD3826CE245D0F610027849D /* Main.storyboard in Resources */,
				AD08F56C24734F5200863204 /* LevelTemplate.sks in Resources */,
				AD7EF23924B165C9009875CA /* Gaegu-Bold.ttf in Resources */,
				ADF47DDF24E47B6500CFD4A7 /* trombone1.mp3 in Resources */,
				ADD5F2E524A66F1F004609F9 /* Gaegu-Regular.ttf in Resources */,
				ADD5F2E324A66DDA004609F9 /* JazzText_Regular.ttf in Resources */,
				AD21FDF724A976830068A729 /* basics1tutorial in Resources */,
				ADF47DDB24E47A5100CFD4A7 /* trumpet1.mp3 in Resources */,
				ADF47DDD24E47A5100CFD4A7 /* drumsnare1.mp3 in Resources */,
				ADCAFDA5249E061600428C70 /* basics2.mp3 in Resources */,
				AD3826D0245D0F630027849D /* Assets.xcassets in Resources */,
				ADCAFDA6249E061600428C70 /* intermediate1.mp3 in Resources */,
				AD9395B024747CD10037E307 /* Main.storyboard in Resources */,
				ADCAFDA7249E061600428C70 /* coltrane1.mp3 in Resources */,
				ADFC5CED247893DE00225610 /* piano1.mp3 in Resources */,
				AD3826D3245D0F630027849D /* LaunchScreen.storyboard in Resources */,
				AD3826F1245D20DC0027849D /* Default-568h@2x.png in Resources */,
			);
			runOnlyForDeploymentPostprocessing = 0;
		};
/* End PBXResourcesBuildPhase section */

/* Begin PBXShellScriptBuildPhase section */
		247397944AA46249C4DA9E15 /* [CP] Check Pods Manifest.lock */ = {
			isa = PBXShellScriptBuildPhase;
			buildActionMask = 2147483647;
			files = (
			);
			inputFileListPaths = (
			);
			inputPaths = (
				"${PODS_PODFILE_DIR_PATH}/Podfile.lock",
				"${PODS_ROOT}/Manifest.lock",
			);
			name = "[CP] Check Pods Manifest.lock";
			outputFileListPaths = (
			);
			outputPaths = (
				"$(DERIVED_FILE_DIR)/Pods-jazzCatsApp-checkManifestLockResult.txt",
			);
			runOnlyForDeploymentPostprocessing = 0;
			shellPath = /bin/sh;
			shellScript = "diff \"${PODS_PODFILE_DIR_PATH}/Podfile.lock\" \"${PODS_ROOT}/Manifest.lock\" > /dev/null\nif [ $? != 0 ] ; then\n    # print error to STDERR\n    echo \"error: The sandbox is not in sync with the Podfile.lock. Run 'pod install' or update your CocoaPods installation.\" >&2\n    exit 1\nfi\n# This output is used by Xcode 'outputs' to avoid re-running this script phase.\necho \"SUCCESS\" > \"${SCRIPT_OUTPUT_FILE_0}\"\n";
			showEnvVarsInLog = 0;
		};
		C4A9266A7758926A767EED68 /* [CP] Embed Pods Frameworks */ = {
			isa = PBXShellScriptBuildPhase;
			buildActionMask = 2147483647;
			files = (
			);
			inputFileListPaths = (
				"${PODS_ROOT}/Target Support Files/Pods-jazzCatsApp/Pods-jazzCatsApp-frameworks-${CONFIGURATION}-input-files.xcfilelist",
			);
			name = "[CP] Embed Pods Frameworks";
			outputFileListPaths = (
				"${PODS_ROOT}/Target Support Files/Pods-jazzCatsApp/Pods-jazzCatsApp-frameworks-${CONFIGURATION}-output-files.xcfilelist",
			);
			runOnlyForDeploymentPostprocessing = 0;
			shellPath = /bin/sh;
			shellScript = "\"${PODS_ROOT}/Target Support Files/Pods-jazzCatsApp/Pods-jazzCatsApp-frameworks.sh\"\n";
			showEnvVarsInLog = 0;
		};
/* End PBXShellScriptBuildPhase section */

/* Begin PBXSourcesBuildPhase section */
		AD3826BB245D0F610027849D /* Sources */ = {
			isa = PBXSourcesBuildPhase;
			buildActionMask = 2147483647;
			files = (
				ADCAFDAD249E08DB00428C70 /* MusicSceneNotes.swift in Sources */,
				AD21FDF924A98A030068A729 /* TutorialPopupVC.swift in Sources */,
				AD92D100247F0BD700F8F807 /* CreateAccVC.swift in Sources */,
				ADCC4F6724DBA78400140E7F /* Sounds.swift in Sources */,
				ADFC5CEB2478847D00225610 /* SettingsPopupVC.swift in Sources */,
				ADFA243024779C04008BC384 /* FreestyleRecordingFails.swift in Sources */,
				ADFC5CD6247834CB00225610 /* LevelNotes.swift in Sources */,
				AD08F56A2473397900863204 /* LevelTemplate.swift in Sources */,
				AD954D99249CACAD00EBDACD /* NoteSelectCell.swift in Sources */,
				ADFC5CD02478312100225610 /* LevelLayout.swift in Sources */,
				ADFC5CDB24784F1A00225610 /* FreestyleLayout.swift in Sources */,
				AD954D97249CAC5E00EBDACD /* NoteSelectPopupVC.swift in Sources */,
				ADFAD4A1248312F600C3779C /* LevelGroupsVC.swift in Sources */,
				ADC59C9D248824D6007D99A9 /* GameUser.swift in Sources */,
				ADCAE9E824A430C1000A9FC7 /* LevelGroupCell.swift in Sources */,
				ADCAFDAB249E08CE00428C70 /* MusicSceneButtons.swift in Sources */,
				ADB0FF6324B6A66C002E1023 /* LevelCompletePopupVC.swift in Sources */,
				ADBE499A24BA8F54002D5B49 /* ShareCompVC.swift in Sources */,
				ADFC5CD2247832EF00225610 /* LevelButtons.swift in Sources */,
				ADFC5CDF247851E600225610 /* FreestyleNotes.swift in Sources */,
				AD3826E4245D106A0027849D /* Note.swift in Sources */,
				ADCAE9E624A42FCD000A9FC7 /* SnapToCenter.swift in Sources */,
				AD3826E6245D10930027849D /* Button.swift in Sources */,
				ADFA240C247646DD008BC384 /* WelcomeScreen.swift in Sources */,
				AD08F56224732A0300863204 /* StaffBar.swift in Sources */,
				ADCAFD9F249DCBE400428C70 /* MusicScene.swift in Sources */,
				AD042DAA24819ACD00CB2310 /* LevelCell.swift in Sources */,
				ADFC5CD42478345100225610 /* LevelSound.swift in Sources */,
				ADCAFDB1249E08F300428C70 /* MusicScenePhysics.swift in Sources */,
				ADCAFDA9249E084900428C70 /* MusicSceneLayout.swift in Sources */,
				ADBE49A024BBEBF5002D5B49 /* Constants.swift in Sources */,
				ADFC5CE12478524000225610 /* FreestyleSound.swift in Sources */,
				ADCAFDAF249E08E600428C70 /* MusicSceneSound.swift in Sources */,
				ADBE49A224BC13D7002D5B49 /* LoadingVC.swift in Sources */,
				AD3826EA245D11920027849D /* Configuration.swift in Sources */,
				AD94032224B05D700021F07D /* ConfirmNavPopupVC.swift in Sources */,
				AD9395B224747D3F0037E307 /* LevelSelect.swift in Sources */,
				AD3826CB245D0F610027849D /* GameViewController.swift in Sources */,
				AD92D0FE247F0BC500F8F807 /* SignInEmailVC.swift in Sources */,
				AD9395AE247478250037E307 /* LevelSetup.swift in Sources */,
				AD3826E2245D104E0027849D /* GameCamera.swift in Sources */,
				AD242BAA24E3A6F800CAD3A0 /* Conductor.swift in Sources */,
				ADFC5CDD247850DC00225610 /* FreestyleButtons.swift in Sources */,
				ADFC5CD82478352700225610 /* LevelPhysics.swift in Sources */,
				AD08F5682473371A00863204 /* FreestyleScene.swift in Sources */,
				AD3826C3245D0F610027849D /* AppDelegate.swift in Sources */,
				AD7EF23724B12CB7009875CA /* AccountDetailsPopupVC.swift in Sources */,
				ADFC5CE3247852BF00225610 /* FreestylePhysics.swift in Sources */,
				AD0D2D4924ADB59E0098E744 /* SignInVC.swift in Sources */,
			);
			runOnlyForDeploymentPostprocessing = 0;
		};
/* End PBXSourcesBuildPhase section */

/* Begin PBXVariantGroup section */
		AD3826CC245D0F610027849D /* Main.storyboard */ = {
			isa = PBXVariantGroup;
			children = (
				AD3826CD245D0F610027849D /* Base */,
			);
			name = Main.storyboard;
			sourceTree = "<group>";
		};
		AD3826D1245D0F630027849D /* LaunchScreen.storyboard */ = {
			isa = PBXVariantGroup;
			children = (
				AD3826D2245D0F630027849D /* Base */,
			);
			name = LaunchScreen.storyboard;
			sourceTree = "<group>";
		};
/* End PBXVariantGroup section */

/* Begin XCBuildConfiguration section */
		AD3826D5245D0F630027849D /* Debug */ = {
			isa = XCBuildConfiguration;
			buildSettings = {
				ALWAYS_SEARCH_USER_PATHS = NO;
				CLANG_ANALYZER_NONNULL = YES;
				CLANG_ANALYZER_NUMBER_OBJECT_CONVERSION = YES_AGGRESSIVE;
				CLANG_CXX_LANGUAGE_STANDARD = "gnu++14";
				CLANG_CXX_LIBRARY = "libc++";
				CLANG_ENABLE_MODULES = YES;
				CLANG_ENABLE_OBJC_ARC = YES;
				CLANG_ENABLE_OBJC_WEAK = YES;
				CLANG_WARN_BLOCK_CAPTURE_AUTORELEASING = YES;
				CLANG_WARN_BOOL_CONVERSION = YES;
				CLANG_WARN_COMMA = YES;
				CLANG_WARN_CONSTANT_CONVERSION = YES;
				CLANG_WARN_DEPRECATED_OBJC_IMPLEMENTATIONS = YES;
				CLANG_WARN_DIRECT_OBJC_ISA_USAGE = YES_ERROR;
				CLANG_WARN_DOCUMENTATION_COMMENTS = YES;
				CLANG_WARN_EMPTY_BODY = YES;
				CLANG_WARN_ENUM_CONVERSION = YES;
				CLANG_WARN_INFINITE_RECURSION = YES;
				CLANG_WARN_INT_CONVERSION = YES;
				CLANG_WARN_NON_LITERAL_NULL_CONVERSION = YES;
				CLANG_WARN_OBJC_IMPLICIT_RETAIN_SELF = YES;
				CLANG_WARN_OBJC_LITERAL_CONVERSION = YES;
				CLANG_WARN_OBJC_ROOT_CLASS = YES_ERROR;
				CLANG_WARN_RANGE_LOOP_ANALYSIS = YES;
				CLANG_WARN_STRICT_PROTOTYPES = YES;
				CLANG_WARN_SUSPICIOUS_MOVE = YES;
				CLANG_WARN_UNGUARDED_AVAILABILITY = YES_AGGRESSIVE;
				CLANG_WARN_UNREACHABLE_CODE = YES;
				CLANG_WARN__DUPLICATE_METHOD_MATCH = YES;
				COPY_PHASE_STRIP = NO;
				DEBUG_INFORMATION_FORMAT = dwarf;
				ENABLE_STRICT_OBJC_MSGSEND = YES;
				ENABLE_TESTABILITY = YES;
				GCC_C_LANGUAGE_STANDARD = gnu11;
				GCC_DYNAMIC_NO_PIC = NO;
				GCC_NO_COMMON_BLOCKS = YES;
				GCC_OPTIMIZATION_LEVEL = 0;
				GCC_PREPROCESSOR_DEFINITIONS = (
					"DEBUG=1",
					"$(inherited)",
				);
				GCC_WARN_64_TO_32_BIT_CONVERSION = YES;
				GCC_WARN_ABOUT_RETURN_TYPE = YES_ERROR;
				GCC_WARN_UNDECLARED_SELECTOR = YES;
				GCC_WARN_UNINITIALIZED_AUTOS = YES_AGGRESSIVE;
				GCC_WARN_UNUSED_FUNCTION = YES;
				GCC_WARN_UNUSED_VARIABLE = YES;
				IPHONEOS_DEPLOYMENT_TARGET = 13.4;
				MTL_ENABLE_DEBUG_INFO = INCLUDE_SOURCE;
				MTL_FAST_MATH = YES;
				ONLY_ACTIVE_ARCH = YES;
				SDKROOT = iphoneos;
				SWIFT_ACTIVE_COMPILATION_CONDITIONS = DEBUG;
				SWIFT_OPTIMIZATION_LEVEL = "-Onone";
			};
			name = Debug;
		};
		AD3826D6245D0F630027849D /* Release */ = {
			isa = XCBuildConfiguration;
			buildSettings = {
				ALWAYS_SEARCH_USER_PATHS = NO;
				CLANG_ANALYZER_NONNULL = YES;
				CLANG_ANALYZER_NUMBER_OBJECT_CONVERSION = YES_AGGRESSIVE;
				CLANG_CXX_LANGUAGE_STANDARD = "gnu++14";
				CLANG_CXX_LIBRARY = "libc++";
				CLANG_ENABLE_MODULES = YES;
				CLANG_ENABLE_OBJC_ARC = YES;
				CLANG_ENABLE_OBJC_WEAK = YES;
				CLANG_WARN_BLOCK_CAPTURE_AUTORELEASING = YES;
				CLANG_WARN_BOOL_CONVERSION = YES;
				CLANG_WARN_COMMA = YES;
				CLANG_WARN_CONSTANT_CONVERSION = YES;
				CLANG_WARN_DEPRECATED_OBJC_IMPLEMENTATIONS = YES;
				CLANG_WARN_DIRECT_OBJC_ISA_USAGE = YES_ERROR;
				CLANG_WARN_DOCUMENTATION_COMMENTS = YES;
				CLANG_WARN_EMPTY_BODY = YES;
				CLANG_WARN_ENUM_CONVERSION = YES;
				CLANG_WARN_INFINITE_RECURSION = YES;
				CLANG_WARN_INT_CONVERSION = YES;
				CLANG_WARN_NON_LITERAL_NULL_CONVERSION = YES;
				CLANG_WARN_OBJC_IMPLICIT_RETAIN_SELF = YES;
				CLANG_WARN_OBJC_LITERAL_CONVERSION = YES;
				CLANG_WARN_OBJC_ROOT_CLASS = YES_ERROR;
				CLANG_WARN_RANGE_LOOP_ANALYSIS = YES;
				CLANG_WARN_STRICT_PROTOTYPES = YES;
				CLANG_WARN_SUSPICIOUS_MOVE = YES;
				CLANG_WARN_UNGUARDED_AVAILABILITY = YES_AGGRESSIVE;
				CLANG_WARN_UNREACHABLE_CODE = YES;
				CLANG_WARN__DUPLICATE_METHOD_MATCH = YES;
				COPY_PHASE_STRIP = NO;
				DEBUG_INFORMATION_FORMAT = "dwarf-with-dsym";
				ENABLE_NS_ASSERTIONS = NO;
				ENABLE_STRICT_OBJC_MSGSEND = YES;
				GCC_C_LANGUAGE_STANDARD = gnu11;
				GCC_NO_COMMON_BLOCKS = YES;
				GCC_WARN_64_TO_32_BIT_CONVERSION = YES;
				GCC_WARN_ABOUT_RETURN_TYPE = YES_ERROR;
				GCC_WARN_UNDECLARED_SELECTOR = YES;
				GCC_WARN_UNINITIALIZED_AUTOS = YES_AGGRESSIVE;
				GCC_WARN_UNUSED_FUNCTION = YES;
				GCC_WARN_UNUSED_VARIABLE = YES;
				IPHONEOS_DEPLOYMENT_TARGET = 13.4;
				MTL_ENABLE_DEBUG_INFO = NO;
				MTL_FAST_MATH = YES;
				SDKROOT = iphoneos;
				SWIFT_COMPILATION_MODE = wholemodule;
				SWIFT_OPTIMIZATION_LEVEL = "-O";
				VALIDATE_PRODUCT = YES;
			};
			name = Release;
		};
		AD3826D8245D0F630027849D /* Debug */ = {
			isa = XCBuildConfiguration;
			baseConfigurationReference = CED5AB26DDBF3FB455552657 /* Pods-jazzCatsApp.debug.xcconfig */;
			buildSettings = {
				ASSETCATALOG_COMPILER_APPICON_NAME = AppIcon;
				CODE_SIGN_STYLE = Automatic;
				DEVELOPMENT_TEAM = 89QV5N66V7;
				FRAMEWORK_SEARCH_PATHS = (
					"/Users/emilyxie/Projects/udemy/AudioKit-iOS",
					"$(inherited)",
				);
				INFOPLIST_FILE = jazzCatsApp/Info.plist;
				IPHONEOS_DEPLOYMENT_TARGET = 13.0;
				LD_RUNPATH_SEARCH_PATHS = (
					"$(inherited)",
					"@executable_path/Frameworks",
				);
				OTHER_LDFLAGS = (
					"-lc++",
					"$(inherited)",
				);
				PRODUCT_BUNDLE_IDENTIFIER = com.exie.jazzcats.jazzCatsApp;
				PRODUCT_NAME = "$(TARGET_NAME)";
				SWIFT_VERSION = 5.0;
				TARGETED_DEVICE_FAMILY = "1,2";
			};
			name = Debug;
		};
		AD3826D9245D0F630027849D /* Release */ = {
			isa = XCBuildConfiguration;
			baseConfigurationReference = B4D4512561694B850C9F9BD4 /* Pods-jazzCatsApp.release.xcconfig */;
			buildSettings = {
				ASSETCATALOG_COMPILER_APPICON_NAME = AppIcon;
				CODE_SIGN_STYLE = Automatic;
				DEVELOPMENT_TEAM = 89QV5N66V7;
				FRAMEWORK_SEARCH_PATHS = (
					"/Users/emilyxie/Projects/udemy/AudioKit-iOS",
					"$(inherited)",
				);
				INFOPLIST_FILE = jazzCatsApp/Info.plist;
				IPHONEOS_DEPLOYMENT_TARGET = 13.0;
				LD_RUNPATH_SEARCH_PATHS = (
					"$(inherited)",
					"@executable_path/Frameworks",
				);
				OTHER_LDFLAGS = (
					"-lc++",
					"$(inherited)",
				);
				PRODUCT_BUNDLE_IDENTIFIER = com.exie.jazzcats.jazzCatsApp;
				PRODUCT_NAME = "$(TARGET_NAME)";
				SWIFT_VERSION = 5.0;
				TARGETED_DEVICE_FAMILY = "1,2";
			};
			name = Release;
		};
/* End XCBuildConfiguration section */

/* Begin XCConfigurationList section */
		AD3826BA245D0F610027849D /* Build configuration list for PBXProject "jazzCatsApp" */ = {
			isa = XCConfigurationList;
			buildConfigurations = (
				AD3826D5245D0F630027849D /* Debug */,
				AD3826D6245D0F630027849D /* Release */,
			);
			defaultConfigurationIsVisible = 0;
			defaultConfigurationName = Release;
		};
		AD3826D7245D0F630027849D /* Build configuration list for PBXNativeTarget "jazzCatsApp" */ = {
			isa = XCConfigurationList;
			buildConfigurations = (
				AD3826D8245D0F630027849D /* Debug */,
				AD3826D9245D0F630027849D /* Release */,
			);
			defaultConfigurationIsVisible = 0;
			defaultConfigurationName = Release;
		};
/* End XCConfigurationList section */
	};
	rootObject = AD3826B7245D0F610027849D /* Project object */;
}
